<?xml version="1.0" encoding="utf-8"?>
<Project ToolsVersion="4.0" xmlns="http://schemas.microsoft.com/developer/msbuild/2003">
  <ItemGroup>
    <ClCompile Include="stdafx.cpp" />
    <ClCompile Include="PEParsingTester\PESectionTester.cpp">
      <Filter>PEParsingTester</Filter>
    </ClCompile>
    <ClCompile Include="PEParsingTester\PEDosHeaderTester.cpp">
      <Filter>PEParsingTester</Filter>
    </ClCompile>
    <ClCompile Include="PEParsingTester\PEElementTester.cpp">
      <Filter>PEParsingTester</Filter>
    </ClCompile>
    <ClCompile Include="PEParsingTester\PENtHeadersTester.cpp">
      <Filter>PEParsingTester</Filter>
    </ClCompile>
    <ClCompile Include="PEParsingTester\PESectionHeaderTester.cpp">
      <Filter>PEParsingTester</Filter>
    </ClCompile>
    <ClCompile Include="PEParsingTester\PEParsingTester.cpp">
      <Filter>PEParsingTester</Filter>
    </ClCompile>
    <ClCompile Include="PEParsingTester\PEExportTableTester.cpp">
      <Filter>PEParsingTester</Filter>
    </ClCompile>
    <ClCompile Include="PEParsingTester\PEImportTableTester.cpp">
      <Filter>PEParsingTester</Filter>
    </ClCompile>
    <ClCompile Include="PEParsingTester\PEResourceTableTester.cpp">
      <Filter>PEParsingTester</Filter>
    </ClCompile>
    <ClCompile Include="PEParsingTester\PEExceptionTableTester.cpp">
      <Filter>PEParsingTester</Filter>
    </ClCompile>
    <ClCompile Include="PEParsingTester\PECertificateTableTester.cpp">
      <Filter>PEParsingTester</Filter>
    </ClCompile>
    <ClCompile Include="PEParsingTester\PERelocationTableTester.cpp">
      <Filter>PEParsingTester</Filter>
    </ClCompile>
    <ClCompile Include="PEParsingTester\PEDebugInfoTableTester.cpp">
      <Filter>PEParsingTester</Filter>
    </ClCompile>
    <ClCompile Include="PEParsingTester\PEArchitectureDataTableTester.cpp">
      <Filter>PEParsingTester</Filter>
    </ClCompile>
    <ClCompile Include="PEParsingTester\PEGlobalPointerTableTester.cpp">
      <Filter>PEParsingTester</Filter>
    </ClCompile>
    <ClCompile Include="PEParsingTester\PETlsTableTester.cpp">
      <Filter>PEParsingTester</Filter>
    </ClCompile>
    <ClCompile Include="PEParsingTester\PELoadConfigTableTester.cpp">
      <Filter>PEParsingTester</Filter>
    </ClCompile>
    <ClCompile Include="PEParsingTester\PEImportAddressTableTester.cpp">
      <Filter>PEParsingTester</Filter>
    </ClCompile>
    <ClCompile Include="PEParsingTester\PEBoundImportTableTester.cpp">
      <Filter>PEParsingTester</Filter>
    </ClCompile>
    <ClCompile Include="PEParsingTester\PEClrTableTester.cpp">
      <Filter>PEParsingTester</Filter>
    </ClCompile>
    <ClCompile Include="LibPETestBase.cpp" />
    <ClCompile Include="LibPETest.cpp" />
  </ItemGroup>
  <ItemGroup>
    <ClInclude Include="stdafx.h" />
    <ClInclude Include="targetver.h" />
    <ClInclude Include="PEParsingTester\PESectionTester.h">
      <Filter>PEParsingTester</Filter>
    </ClInclude>
    <ClInclude Include="PEParsingTester\PEDosHeaderTester.h">
      <Filter>PEParsingTester</Filter>
    </ClInclude>
    <ClInclude Include="PEParsingTester\PEElementTester.h">
      <Filter>PEParsingTester</Filter>
    </ClInclude>
    <ClInclude Include="PEParsingTester\PENtHeadersTester.h">
      <Filter>PEParsingTester</Filter>
    </ClInclude>
    <ClInclude Include="PEParsingTester\PESectionHeaderTester.h">
      <Filter>PEParsingTester</Filter>
    </ClInclude>
    <ClInclude Include="PEParsingTester\PEParsingTester.h">
      <Filter>PEParsingTester</Filter>
    </ClInclude>
    <ClInclude Include="PEParsingTester\PEExportTableTester.h">
      <Filter>PEParsingTester</Filter>
    </ClInclude>
    <ClInclude Include="PEParsingTester\PEImportTableTester.h">
      <Filter>PEParsingTester</Filter>
    </ClInclude>
    <ClInclude Include="PEParsingTester\PEResourceTableTester.h">
      <Filter>PEParsingTester</Filter>
    </ClInclude>
    <ClInclude Include="PEParsingTester\PEExceptionTableTester.h">
      <Filter>PEParsingTester</Filter>
    </ClInclude>
    <ClInclude Include="PEParsingTester\PECertificateTableTester.h">
      <Filter>PEParsingTester</Filter>
    </ClInclude>
    <ClInclude Include="PEParsingTester\PERelocationTableTester.h">
      <Filter>PEParsingTester</Filter>
    </ClInclude>
    <ClInclude Include="PEParsingTester\PEDebugInfoTableTester.h">
      <Filter>PEParsingTester</Filter>
    </ClInclude>
    <ClInclude Include="PEParsingTester\PEArchitectureDataTableTester.h">
      <Filter>PEParsingTester</Filter>
    </ClInclude>
    <ClInclude Include="PEParsingTester\PEGlobalPointerTableTester.h">
      <Filter>PEParsingTester</Filter>
    </ClInclude>
    <ClInclude Include="PEParsingTester\PETlsTableTester.h">
      <Filter>PEParsingTester</Filter>
    </ClInclude>
    <ClInclude Include="PEParsingTester\PELoadConfigTableTester.h">
      <Filter>PEParsingTester</Filter>
    </ClInclude>
    <ClInclude Include="PEParsingTester\PEImportAddressTableTester.h">
      <Filter>PEParsingTester</Filter>
    </ClInclude>
    <ClInclude Include="PEParsingTester\PEBoundImportTableTester.h">
      <Filter>PEParsingTester</Filter>
    </ClInclude>
    <ClInclude Include="PEParsingTester\PEClrTableTester.h">
      <Filter>PEParsingTester</Filter>
    </ClInclude>
    <ClInclude Include="LibPETestBase.h" />
  </ItemGroup>
  <ItemGroup>
    <Filter Include="PEParsingTester">
      <UniqueIdentifier>{68ac564f-6c36-45e5-bc47-75b9f24c7030}</UniqueIdentifier>
    </Filter>
  </ItemGroup>
</Project>