<?xml version="1.0" encoding="utf-8"?>
<Project ToolsVersion="4.0" xmlns="http://schemas.microsoft.com/developer/msbuild/2003">
  <ItemGroup>
    <ClCompile Include="Program.cpp" />
    <ClCompile Include="stdafx.cpp" />
    <ClCompile Include="PEDumper\PEElementDumper.cpp">
      <Filter>PEDumper</Filter>
    </ClCompile>
    <ClCompile Include="PEDumper\PEDumper.cpp">
      <Filter>PEDumper</Filter>
    </ClCompile>
    <ClCompile Include="PEDumper\PENtHeadersDumper.cpp">
      <Filter>PEDumper</Filter>
    </ClCompile>
    <ClCompile Include="PEDumper\PESectionDumper.cpp">
      <Filter>PEDumper</Filter>
    </ClCompile>
    <ClCompile Include="PEDumper\PESectionHeaderDumper.cpp">
      <Filter>PEDumper</Filter>
    </ClCompile>
    <ClCompile Include="PEDumper\PEExportTableDumper.cpp">
      <Filter>PEDumper</Filter>
    </ClCompile>
    <ClCompile Include="PEDumper\PEImportTableDumper.cpp">
      <Filter>PEDumper</Filter>
    </ClCompile>
    <ClCompile Include="PEDumper\PEResourceTableDumper.cpp">
      <Filter>PEDumper</Filter>
    </ClCompile>
    <ClCompile Include="PEDumper\PEExceptionTableDumper.cpp">
      <Filter>PEDumper</Filter>
    </ClCompile>
    <ClCompile Include="PEDumper\PECertificateTableDumper.cpp">
      <Filter>PEDumper</Filter>
    </ClCompile>
    <ClCompile Include="PEDumper\PEDosHeaderDumper.cpp">
      <Filter>PEDumper</Filter>
    </ClCompile>
    <ClCompile Include="PEDumper\PEDebugInfoTableDumper.cpp">
      <Filter>PEDumper</Filter>
    </ClCompile>
    <ClCompile Include="PEDumper\PERelocationTableDumper.cpp">
      <Filter>PEDumper</Filter>
    </ClCompile>
    <ClCompile Include="PEDumper\PEArchitectureDataTableDumper.cpp">
      <Filter>PEDumper</Filter>
    </ClCompile>
    <ClCompile Include="PEDumper\PEGlobalPointerTableDumper.cpp">
      <Filter>PEDumper</Filter>
    </ClCompile>
    <ClCompile Include="PEDumper\PETlsTableDumper.cpp">
      <Filter>PEDumper</Filter>
    </ClCompile>
    <ClCompile Include="PEDumper\PELoadConfigTableDumper.cpp">
      <Filter>PEDumper</Filter>
    </ClCompile>
    <ClCompile Include="PEDumper\PEBoundImportTableDumper.cpp">
      <Filter>PEDumper</Filter>
    </ClCompile>
    <ClCompile Include="PEDumper\PEImportAddressTableDumper.cpp">
      <Filter>PEDumper</Filter>
    </ClCompile>
  </ItemGroup>
  <ItemGroup>
    <ClInclude Include="stdafx.h" />
    <ClInclude Include="targetver.h" />
    <ClInclude Include="PEDumper\PEElementDumper.h">
      <Filter>PEDumper</Filter>
    </ClInclude>
    <ClInclude Include="PEDumper\PEDumper.h">
      <Filter>PEDumper</Filter>
    </ClInclude>
    <ClInclude Include="PEDumper\PEDosHeaderDumper.h">
      <Filter>PEDumper</Filter>
    </ClInclude>
    <ClInclude Include="PEDumper\PENtHeadersDumper.h">
      <Filter>PEDumper</Filter>
    </ClInclude>
    <ClInclude Include="PEDumper\PESectionHeaderDumper.h">
      <Filter>PEDumper</Filter>
    </ClInclude>
    <ClInclude Include="PEDumper\PESectionDumper.h">
      <Filter>PEDumper</Filter>
    </ClInclude>
    <ClInclude Include="PEDumper\PEExportTableDumper.h">
      <Filter>PEDumper</Filter>
    </ClInclude>
    <ClInclude Include="PEDumper\PEImportTableDumper.h">
      <Filter>PEDumper</Filter>
    </ClInclude>
    <ClInclude Include="PEDumper\PEResourceTableDumper.h">
      <Filter>PEDumper</Filter>
    </ClInclude>
    <ClInclude Include="PEDumper\PEExceptionTableDumper.h">
      <Filter>PEDumper</Filter>
    </ClInclude>
    <ClInclude Include="PEDumper\PECertificateTableDumper.h">
      <Filter>PEDumper</Filter>
    </ClInclude>
    <ClInclude Include="PEDumper\PEDebugInfoTableDumper.h">
      <Filter>PEDumper</Filter>
    </ClInclude>
    <ClInclude Include="PEDumper\PERelocationTableDumper.h">
      <Filter>PEDumper</Filter>
    </ClInclude>
    <ClInclude Include="PEDumper\PEArchitectureDataTableDumper.h">
      <Filter>PEDumper</Filter>
    </ClInclude>
    <ClInclude Include="PEDumper\PEGlobalPointerTableDumper.h">
      <Filter>PEDumper</Filter>
    </ClInclude>
    <ClInclude Include="PEDumper\PETlsTableDumper.h">
      <Filter>PEDumper</Filter>
    </ClInclude>
    <ClInclude Include="PEDumper\PELoadConfigTableDumper.h">
      <Filter>PEDumper</Filter>
    </ClInclude>
    <ClInclude Include="PEDumper\PEBoundImportTableDumper.h">
      <Filter>PEDumper</Filter>
    </ClInclude>
    <ClInclude Include="PEDumper\PEImportAddressTableDumper.h">
      <Filter>PEDumper</Filter>
    </ClInclude>
  </ItemGroup>
  <ItemGroup>
    <Filter Include="PEDumper">
      <UniqueIdentifier>{7cb28a06-0923-43d3-bd4e-7e848249d5e9}</UniqueIdentifier>
    </Filter>
  </ItemGroup>
</Project>