<?xml version="1.0" encoding="utf-8"?>
<Project ToolsVersion="4.0" xmlns="http://schemas.microsoft.com/developer/msbuild/2003">
  <ItemGroup>
    <Filter Include="Parser">
      <UniqueIdentifier>{aebf9562-30ef-4a18-ba47-374e9121222e}</UniqueIdentifier>
    </Filter>
    <Filter Include="PE">
      <UniqueIdentifier>{9676ad7d-a27a-4dac-a30b-7ca366860a95}</UniqueIdentifier>
    </Filter>
  </ItemGroup>
  <ItemGroup>
    <ClCompile Include="Parser\DataLoader.cpp">
      <Filter>Parser</Filter>
    </ClCompile>
    <ClCompile Include="Parser\PEParser.cpp">
      <Filter>Parser</Filter>
    </ClCompile>
    <ClCompile Include="Parser\PEParserImpl.cpp">
      <Filter>Parser</Filter>
    </ClCompile>
    <ClCompile Include="LibPEConfig.cpp" />
    <ClCompile Include="stdafx.cpp" />
    <ClCompile Include="PE\PEElement.cpp">
      <Filter>PE</Filter>
    </ClCompile>
    <ClCompile Include="PE\PEExceptionTable.cpp">
      <Filter>PE</Filter>
    </ClCompile>
    <ClCompile Include="PE\PEExportTable.cpp">
      <Filter>PE</Filter>
    </ClCompile>
    <ClCompile Include="PE\PEFile.cpp">
      <Filter>PE</Filter>
    </ClCompile>
    <ClCompile Include="PE\PEGlobalPointerTable.cpp">
      <Filter>PE</Filter>
    </ClCompile>
    <ClCompile Include="PE\PEHeader.cpp">
      <Filter>PE</Filter>
    </ClCompile>
    <ClCompile Include="PE\PEImportAddressTable.cpp">
      <Filter>PE</Filter>
    </ClCompile>
    <ClCompile Include="PE\PEImportTable.cpp">
      <Filter>PE</Filter>
    </ClCompile>
    <ClCompile Include="PE\PELoadConfigTable.cpp">
      <Filter>PE</Filter>
    </ClCompile>
    <ClCompile Include="PE\PERelocationTable.cpp">
      <Filter>PE</Filter>
    </ClCompile>
    <ClCompile Include="PE\PEResourceTable.cpp">
      <Filter>PE</Filter>
    </ClCompile>
    <ClCompile Include="PE\PESection.cpp">
      <Filter>PE</Filter>
    </ClCompile>
    <ClCompile Include="PE\PETlsTable.cpp">
      <Filter>PE</Filter>
    </ClCompile>
    <ClCompile Include="PE\PEBoundImportTable.cpp">
      <Filter>PE</Filter>
    </ClCompile>
    <ClCompile Include="PE\PECertificateTable.cpp">
      <Filter>PE</Filter>
    </ClCompile>
    <ClCompile Include="PE\PEDebugInfoTable.cpp">
      <Filter>PE</Filter>
    </ClCompile>
  </ItemGroup>
  <ItemGroup>
    <ClInclude Include="Parser\DataLoader.h">
      <Filter>Parser</Filter>
    </ClInclude>
    <ClInclude Include="Parser\PEParser.h">
      <Filter>Parser</Filter>
    </ClInclude>
    <ClInclude Include="Parser\PEParserCommon.h">
      <Filter>Parser</Filter>
    </ClInclude>
    <ClInclude Include="Parser\PEParserImpl.h">
      <Filter>Parser</Filter>
    </ClInclude>
    <ClInclude Include="LibPEConfig.h" />
    <ClInclude Include="LibPEInternal.h" />
    <ClInclude Include="LibPEObject.h" />
    <ClInclude Include="stdafx.h" />
    <ClInclude Include="PE\PEDebugInfoTable.h">
      <Filter>PE</Filter>
    </ClInclude>
    <ClInclude Include="PE\PEElement.h">
      <Filter>PE</Filter>
    </ClInclude>
    <ClInclude Include="PE\PEExceptionTable.h">
      <Filter>PE</Filter>
    </ClInclude>
    <ClInclude Include="PE\PEExportTable.h">
      <Filter>PE</Filter>
    </ClInclude>
    <ClInclude Include="PE\PEFile.h">
      <Filter>PE</Filter>
    </ClInclude>
    <ClInclude Include="PE\PEGlobalPointerTable.h">
      <Filter>PE</Filter>
    </ClInclude>
    <ClInclude Include="PE\PEHeader.h">
      <Filter>PE</Filter>
    </ClInclude>
    <ClInclude Include="PE\PEImportAddressTable.h">
      <Filter>PE</Filter>
    </ClInclude>
    <ClInclude Include="PE\PEImportTable.h">
      <Filter>PE</Filter>
    </ClInclude>
    <ClInclude Include="PE\PELoadConfigTable.h">
      <Filter>PE</Filter>
    </ClInclude>
    <ClInclude Include="PE\PERelocationTable.h">
      <Filter>PE</Filter>
    </ClInclude>
    <ClInclude Include="PE\PEResourceTable.h">
      <Filter>PE</Filter>
    </ClInclude>
    <ClInclude Include="PE\PESection.h">
      <Filter>PE</Filter>
    </ClInclude>
    <ClInclude Include="PE\PETlsTable.h">
      <Filter>PE</Filter>
    </ClInclude>
    <ClInclude Include="PE\PEBoundImportTable.h">
      <Filter>PE</Filter>
    </ClInclude>
    <ClInclude Include="PE\PECertificateTable.h">
      <Filter>PE</Filter>
    </ClInclude>
  </ItemGroup>
</Project>